{
  "object": {
    "pins": [
      {
        "package": "Lottie",
        "repositoryURL": "https://github.com/airbnb/lottie-ios.git",
        "state": {
          "branch": null,
          "revision": "a4622b4d6fdbe76cc5487bc27e84029abaf07217",
          "version": "4.0.1"
        }
      }
    ]
  },
  "version": 1
}
