{
  "object": {
    "pins": [
      {
        "package": "Lottie",
        "repositoryURL": "https://github.com/airbnb/lottie-ios.git",
        "state": {
          "branch": null,
          "revision": "4ca8023b820b7d5d5ae1e2637c046e3dab0f45d0",
          "version": "3.4.2"
        }
      }
    ]
  },
  "version": 1
}
